
Microsoft Visual Studio Solution File, Format Version 12.00
# Visual Studio Version 17
VisualStudioVersion = 17.6.33723.286
MinimumVisualStudioVersion = 10.0.40219.1
Project("{9A19103F-16F7-4668-BE54-9A1E7A4F7556}") = "TelegramFinanicialBot", "myTestTelegramBot\TelegramFinanicialBot.csproj", "{44A7E32C-CAD8-41B4-AF48-2A40FD1478A7}"
EndProject
Global
	GlobalSection(SolutionConfigurationPlatforms) = preSolution
		Debug|Any CPU = Debug|Any CPU
		Release|Any CPU = Release|Any CPU
	EndGlobalSection
	GlobalSection(ProjectConfigurationPlatforms) = postSolution
		{44A7E32C-CAD8-41B4-AF48-2A40FD1478A7}.Debug|Any CPU.ActiveCfg = Debug|Any CPU
		{44A7E32C-CAD8-41B4-AF48-2A40FD1478A7}.Debug|Any CPU.Build.0 = Debug|Any CPU
		{44A7E32C-CAD8-41B4-AF48-2A40FD1478A7}.Release|Any CPU.ActiveCfg = Release|Any CPU
		{44A7E32C-CAD8-41B4-AF48-2A40FD1478A7}.Release|Any CPU.Build.0 = Release|Any CPU
	EndGlobalSection
	GlobalSection(SolutionProperties) = preSolution
		HideSolutionNode = FALSE
	EndGlobalSection
	GlobalSection(ExtensibilityGlobals) = postSolution
		SolutionGuid = {411ADA36-48FF-4666-937E-65A1E427003C}
	EndGlobalSection
EndGlobal
